{
  "nodes": {
    "agenix": {
      "inputs": {
        "darwin": [
          "nix-darwin"
        ],
        "home-manager": [
          "home-manager"
        ],
        "nixpkgs": [
          "nixpkgs"
        ],
        "systems": "systems"
      },
      "locked": {
        "lastModified": 1750173260,
        "narHash": "sha256-9P1FziAwl5+3edkfFcr5HeGtQUtrSdk/MksX39GieoA=",
        "owner": "ryantm",
        "repo": "agenix",
        "rev": "531beac616433bac6f9e2a19feb8e99a22a66baf",
        "type": "github"
      },
      "original": {
        "owner": "ryantm",
        "repo": "agenix",
        "type": "github"
      }
    },
    "blobs": {
      "flake": false,
      "locked": {
        "lastModified": 1604995301,
        "narHash": "sha256-wcLzgLec6SGJA8fx1OEN1yV/Py5b+U5iyYpksUY/yLw=",
        "owner": "simple-nixos-mailserver",
        "repo": "blobs",
        "rev": "2cccdf1ca48316f2cfd1c9a0017e8de5a7156265",
        "type": "gitlab"
      },
      "original": {
        "owner": "simple-nixos-mailserver",
        "repo": "blobs",
        "type": "gitlab"
      }
    },
    "codeberg-pages": {
      "locked": {
        "lastModified": 1745719945,
        "narHash": "sha256-QIaG3CgMEda5yhQA3mqS5JoGm2/CrLboY3lKncCdQ7k=",
        "owner": "nixos",
        "repo": "nixpkgs",
        "rev": "1d108073d9d02909cdf8784b00d574fb44b938af",
        "type": "github"
      },
      "original": {
        "owner": "nixos",
        "ref": "refs/pull/395725/head",
        "repo": "nixpkgs",
        "type": "github"
      }
    },
    "deploy-rs": {
      "inputs": {
        "flake-compat": "flake-compat",
        "nixpkgs": [
          "nixpkgs"
        ],
        "utils": "utils"
      },
      "locked": {
        "lastModified": 1749105467,
        "narHash": "sha256-hXh76y/wDl15almBcqvjryB50B0BaiXJKk20f314RoE=",
        "owner": "serokell",
        "repo": "deploy-rs",
        "rev": "6bc76b872374845ba9d645a2f012b764fecd765f",
        "type": "github"
      },
      "original": {
        "owner": "serokell",
        "repo": "deploy-rs",
        "type": "github"
      }
    },
    "devshell": {
      "inputs": {
        "flake-utils": "flake-utils",
        "nixpkgs": [
          "keycloak-theme-pub-solar",
          "nixpkgs"
        ]
      },
      "locked": {
        "lastModified": 1705332421,
        "narHash": "sha256-USpGLPme1IuqG78JNqSaRabilwkCyHmVWY0M9vYyqEA=",
        "owner": "numtide",
        "repo": "devshell",
        "rev": "83cb93d6d063ad290beee669f4badf9914cc16ec",
        "type": "github"
      },
      "original": {
        "owner": "numtide",
        "repo": "devshell",
        "type": "github"
      }
    },
    "disko": {
      "inputs": {
        "nixpkgs": [
          "nixpkgs"
        ]
      },
      "locked": {
        "lastModified": 1751854533,
        "narHash": "sha256-U/OQFplExOR1jazZY4KkaQkJqOl59xlh21HP9mI79Vc=",
        "owner": "nix-community",
        "repo": "disko",
        "rev": "16b74a1e304197248a1bc663280f2548dbfcae3c",
        "type": "github"
      },
      "original": {
        "owner": "nix-community",
        "repo": "disko",
        "type": "github"
      }
    },
    "element-stickers": {
      "inputs": {
        "maunium-stickerpicker": [
          "maunium-stickerpicker"
        ],
        "nixpkgs": [
          "nixpkgs"
        ]
      },
      "locked": {
        "lastModified": 1747481732,
        "narHash": "sha256-rpiClWWUN0XU9GsuClTJJ6Rpzji1uxoKSIsfHBwLPTw=",
        "ref": "main",
        "rev": "15a02d29fe2f1d17e7ca3fd975313f01d1d80d1c",
        "revCount": 10,
        "type": "git",
        "url": "https://git.pub.solar/pub-solar/maunium-stickerpicker-nix"
      },
      "original": {
        "ref": "main",
        "type": "git",
        "url": "https://git.pub.solar/pub-solar/maunium-stickerpicker-nix"
      }
    },
    "element-themes": {
      "flake": false,
      "locked": {
        "lastModified": 1718859621,
        "narHash": "sha256-ZOOm6UFGNSkGrdwbG5saLAYgAPYJ7E80ogA40CaW+E4=",
        "owner": "aaronraimist",
        "repo": "element-themes",
        "rev": "3bc82abc3dd468dabc933f0f9d0b443ed97554a6",
        "type": "github"
      },
      "original": {
        "owner": "aaronraimist",
        "ref": "master",
        "repo": "element-themes",
        "type": "github"
      }
    },
    "flake-compat": {
      "flake": false,
      "locked": {
        "lastModified": 1733328505,
        "narHash": "sha256-NeCCThCEP3eCl2l/+27kNNK7QrwZB1IJCrXfrbv5oqU=",
        "owner": "edolstra",
        "repo": "flake-compat",
        "rev": "ff81ac966bb2cae68946d5ed5fc4994f96d0ffec",
        "type": "github"
      },
      "original": {
        "owner": "edolstra",
        "repo": "flake-compat",
        "type": "github"
      }
    },
    "flake-compat_2": {
      "flake": false,
      "locked": {
        "lastModified": 1747046372,
        "narHash": "sha256-CIVLLkVgvHYbgI2UpXvIIBJ12HWgX+fjA8Xf8PUmqCY=",
        "owner": "edolstra",
        "repo": "flake-compat",
        "rev": "9100a0f413b0c601e0533d1d94ffd501ce2e7885",
        "type": "github"
      },
      "original": {
        "owner": "edolstra",
        "repo": "flake-compat",
        "type": "github"
      }
    },
    "flake-parts": {
      "inputs": {
        "nixpkgs-lib": "nixpkgs-lib"
      },
      "locked": {
        "lastModified": 1751413152,
        "narHash": "sha256-Tyw1RjYEsp5scoigs1384gIg6e0GoBVjms4aXFfRssQ=",
        "owner": "hercules-ci",
        "repo": "flake-parts",
        "rev": "77826244401ea9de6e3bac47c2db46005e1f30b5",
        "type": "github"
      },
      "original": {
        "owner": "hercules-ci",
        "repo": "flake-parts",
        "type": "github"
      }
    },
    "flake-utils": {
      "inputs": {
        "systems": "systems_3"
      },
      "locked": {
        "lastModified": 1701680307,
        "narHash": "sha256-kAuep2h5ajznlPMD9rnQyffWG8EM/C73lejGofXvdM8=",
        "owner": "numtide",
        "repo": "flake-utils",
        "rev": "4022d587cbbfd70fe950c1e2083a02621806a725",
        "type": "github"
      },
      "original": {
        "owner": "numtide",
        "repo": "flake-utils",
        "type": "github"
      }
    },
    "flake-utils_2": {
      "inputs": {
        "systems": "systems_4"
      },
      "locked": {
        "lastModified": 1705309234,
        "narHash": "sha256-uNRRNRKmJyCRC/8y1RqBkqWBLM034y4qN7EprSdmgyA=",
        "owner": "numtide",
        "repo": "flake-utils",
        "rev": "1ef2e671c3b0c19053962c07dbda38332dcebf26",
        "type": "github"
      },
      "original": {
        "owner": "numtide",
        "repo": "flake-utils",
        "type": "github"
      }
    },
    "fork": {
      "locked": {
        "lastModified": 1741180627,
        "narHash": "sha256-NM2X42gtXuYT7EG+zYcvNTZ/6+CTc3fSiIwdcQcp0dk=",
        "owner": "teutat3s",
        "repo": "nixpkgs",
        "rev": "8a43eb74ac149c080d57d8c80d647fef74df84d8",
        "type": "github"
      },
      "original": {
        "owner": "teutat3s",
        "ref": "init-matrix-authentication-service-module-0.13.0",
        "repo": "nixpkgs",
        "type": "github"
      }
    },
    "git-hooks": {
      "inputs": {
        "flake-compat": [
          "simple-nixos-mailserver",
          "flake-compat"
        ],
        "gitignore": "gitignore",
        "nixpkgs": [
          "simple-nixos-mailserver",
          "nixpkgs"
        ]
      },
      "locked": {
        "lastModified": 1742649964,
        "narHash": "sha256-DwOTp7nvfi8mRfuL1escHDXabVXFGT1VlPD1JHrtrco=",
        "owner": "cachix",
        "repo": "git-hooks.nix",
        "rev": "dcf5072734cb576d2b0c59b2ac44f5050b5eac82",
        "type": "github"
      },
      "original": {
        "owner": "cachix",
        "repo": "git-hooks.nix",
        "type": "github"
      }
    },
    "gitignore": {
      "inputs": {
        "nixpkgs": [
          "simple-nixos-mailserver",
          "git-hooks",
          "nixpkgs"
        ]
      },
      "locked": {
        "lastModified": 1709087332,
        "narHash": "sha256-HG2cCnktfHsKV0s4XW83gU3F57gaTljL9KNSuG6bnQs=",
        "owner": "hercules-ci",
        "repo": "gitignore.nix",
        "rev": "637db329424fd7e46cf4185293b9cc8c88c95394",
        "type": "github"
      },
      "original": {
        "owner": "hercules-ci",
        "repo": "gitignore.nix",
        "type": "github"
      }
    },
    "home-manager": {
      "inputs": {
        "nixpkgs": [
          "nixpkgs"
        ]
      },
      "locked": {
        "lastModified": 1751810233,
        "narHash": "sha256-kllkNbIqQi3VplgTMeGzuh1t8Gk8TauvkTRt93Km+tQ=",
        "owner": "nix-community",
        "repo": "home-manager",
        "rev": "9b0873b46c9f9e4b7aa01eb634952c206af53068",
        "type": "github"
      },
      "original": {
        "owner": "nix-community",
        "ref": "release-25.05",
        "repo": "home-manager",
        "type": "github"
      }
    },
    "keycloak-theme-pub-solar": {
      "inputs": {
        "devshell": "devshell",
        "flake-utils": "flake-utils_2",
        "nixpkgs": [
          "nixpkgs"
        ]
      },
      "locked": {
        "lastModified": 1738012343,
        "narHash": "sha256-agMgWwVxXII+RtCqok8ROjzpKJung/5N5f2BVDmMC5Q=",
        "ref": "main",
        "rev": "4ffd7bc8ea032991756c5e8e8a37b039789045bc",
        "revCount": 38,
        "type": "git",
        "url": "https://git.pub.solar/pub-solar/keycloak-theme"
      },
      "original": {
        "ref": "main",
        "type": "git",
        "url": "https://git.pub.solar/pub-solar/keycloak-theme"
      }
    },
    "mastodon-backport": {
      "locked": {
        "lastModified": 1752774090,
        "narHash": "sha256-i1TryjGZwq5ABp3ZEGJ6p2RS90Jc3VyoJnaOc3i4Ou8=",
        "owner": "teutat3s",
        "repo": "nixpkgs",
        "rev": "329fb66b7aa73340738ee82e5ce804e7cc9a75fe",
        "type": "github"
      },
      "original": {
        "owner": "teutat3s",
        "ref": "mastodon-4.4",
        "repo": "nixpkgs",
        "type": "github"
      }
    },
    "maunium-stickerpicker": {
      "flake": false,
      "locked": {
        "dir": "web",
        "lastModified": 1751213916,
        "narHash": "sha256-P6MI+3SfQKpXyqGzZgsLBoZ2aOUbFxHbDhHbr6xJpXc=",
        "owner": "maunium",
        "repo": "stickerpicker",
        "rev": "3366dbc5002046be058a71e7ed310811a122c081",
        "type": "github"
      },
      "original": {
        "dir": "web",
        "owner": "maunium",
        "ref": "master",
        "repo": "stickerpicker",
        "type": "github"
      }
    },
    "nix-darwin": {
      "inputs": {
        "nixpkgs": [
          "nixpkgs"
        ]
      },
      "locked": {
        "lastModified": 1751313918,
        "narHash": "sha256-HsJM3XLa43WpG+665aGEh8iS8AfEwOIQWk3Mke3e7nk=",
        "owner": "lnl7",
        "repo": "nix-darwin",
        "rev": "e04a388232d9a6ba56967ce5b53a8a6f713cdfcf",
        "type": "github"
      },
      "original": {
        "owner": "lnl7",
        "ref": "master",
        "repo": "nix-darwin",
        "type": "github"
      }
    },
    "nixpkgs": {
      "locked": {
        "lastModified": 1751943650,
        "narHash": "sha256-7orTnNqkGGru8Je6Un6mq1T8YVVU/O5kyW4+f9C1mZQ=",
        "owner": "nixos",
        "repo": "nixpkgs",
        "rev": "88983d4b665fb491861005137ce2b11a9f89f203",
        "type": "github"
      },
      "original": {
        "owner": "nixos",
        "ref": "nixos-25.05",
        "repo": "nixpkgs",
        "type": "github"
      }
    },
    "nixpkgs-lib": {
      "locked": {
        "lastModified": 1751159883,
        "narHash": "sha256-urW/Ylk9FIfvXfliA1ywh75yszAbiTEVgpPeinFyVZo=",
        "owner": "nix-community",
        "repo": "nixpkgs.lib",
        "rev": "14a40a1d7fb9afa4739275ac642ed7301a9ba1ab",
        "type": "github"
      },
      "original": {
        "owner": "nix-community",
        "repo": "nixpkgs.lib",
        "type": "github"
      }
    },
    "root": {
      "inputs": {
        "agenix": "agenix",
        "codeberg-pages": "codeberg-pages",
        "deploy-rs": "deploy-rs",
        "disko": "disko",
        "element-stickers": "element-stickers",
        "element-themes": "element-themes",
        "flake-parts": "flake-parts",
        "fork": "fork",
        "home-manager": "home-manager",
        "keycloak-theme-pub-solar": "keycloak-theme-pub-solar",
        "mastodon-backport": "mastodon-backport",
        "maunium-stickerpicker": "maunium-stickerpicker",
        "nix-darwin": "nix-darwin",
        "nixpkgs": "nixpkgs",
        "simple-nixos-mailserver": "simple-nixos-mailserver",
        "unstable": "unstable"
      }
    },
    "simple-nixos-mailserver": {
      "inputs": {
        "blobs": "blobs",
        "flake-compat": "flake-compat_2",
        "git-hooks": "git-hooks",
        "nixpkgs": [
          "unstable"
        ],
        "nixpkgs-25_05": [
          "nixpkgs"
        ]
      },
      "locked": {
        "lastModified": 1747965231,
        "narHash": "sha256-BW3ktviEhfCN/z3+kEyzpDKAI8qFTwO7+S0NVA0C90o=",
        "owner": "simple-nixos-mailserver",
        "repo": "nixos-mailserver",
        "rev": "53007af63fade28853408370c4c600a63dd97f41",
        "type": "gitlab"
      },
      "original": {
        "owner": "simple-nixos-mailserver",
        "ref": "nixos-25.05",
        "repo": "nixos-mailserver",
        "type": "gitlab"
      }
    },
    "systems": {
      "locked": {
        "lastModified": 1681028828,
        "narHash": "sha256-Vy1rq5AaRuLzOxct8nz4T6wlgyUR7zLU309k9mBC768=",
        "owner": "nix-systems",
        "repo": "default",
        "rev": "da67096a3b9bf56a91d16901293e51ba5b49a27e",
        "type": "github"
      },
      "original": {
        "owner": "nix-systems",
        "repo": "default",
        "type": "github"
      }
    },
    "systems_2": {
      "locked": {
        "lastModified": 1681028828,
        "narHash": "sha256-Vy1rq5AaRuLzOxct8nz4T6wlgyUR7zLU309k9mBC768=",
        "owner": "nix-systems",
        "repo": "default",
        "rev": "da67096a3b9bf56a91d16901293e51ba5b49a27e",
        "type": "github"
      },
      "original": {
        "owner": "nix-systems",
        "repo": "default",
        "type": "github"
      }
    },
    "systems_3": {
      "locked": {
        "lastModified": 1681028828,
        "narHash": "sha256-Vy1rq5AaRuLzOxct8nz4T6wlgyUR7zLU309k9mBC768=",
        "owner": "nix-systems",
        "repo": "default",
        "rev": "da67096a3b9bf56a91d16901293e51ba5b49a27e",
        "type": "github"
      },
      "original": {
        "owner": "nix-systems",
        "repo": "default",
        "type": "github"
      }
    },
    "systems_4": {
      "locked": {
        "lastModified": 1681028828,
        "narHash": "sha256-Vy1rq5AaRuLzOxct8nz4T6wlgyUR7zLU309k9mBC768=",
        "owner": "nix-systems",
        "repo": "default",
        "rev": "da67096a3b9bf56a91d16901293e51ba5b49a27e",
        "type": "github"
      },
      "original": {
        "owner": "nix-systems",
        "repo": "default",
        "type": "github"
      }
    },
    "unstable": {
      "locked": {
        "lastModified": 1752480373,
        "narHash": "sha256-JHQbm+OcGp32wAsXTE/FLYGNpb+4GLi5oTvCxwSoBOA=",
        "owner": "nixos",
        "repo": "nixpkgs",
        "rev": "62e0f05ede1da0d54515d4ea8ce9c733f12d9f08",
        "type": "github"
      },
      "original": {
        "owner": "nixos",
        "ref": "nixos-unstable",
        "repo": "nixpkgs",
        "type": "github"
      }
    },
    "utils": {
      "inputs": {
        "systems": "systems_2"
      },
      "locked": {
        "lastModified": 1731533236,
        "narHash": "sha256-l0KFg5HjrsfsO/JpG+r7fRrqm12kzFHyUHqHCVpMMbI=",
        "owner": "numtide",
        "repo": "flake-utils",
        "rev": "11707dc2f618dd54ca8739b309ec4fc024de578b",
        "type": "github"
      },
      "original": {
        "owner": "numtide",
        "repo": "flake-utils",
        "type": "github"
      }
    }
  },
  "root": "root",
  "version": 7
}
